{
  "name": "openllm-node-tests",
  "version": "1.0.0",
  "lockfileVersion": 3,
  "requires": true,
  "packages": {
    "": {
      "name": "openllm-node-tests",
      "version": "1.0.0",
      "dependencies": {
        "@openllm/native": "file:../../crates/openllm-napi/npm"
      }
    },
    "../../crates/openllm-napi/npm": {
      "version": "0.1.0"
    },
    "node_modules/@openllm/native": {
      "resolved": "../../crates/openllm-napi/npm",
      "link": true
    }
  }
}
